{
  "nodes": {
    "home-manager": {
      "inputs": {
        "nixpkgs": [
          "nixpkgs"
        ]
      },
      "locked": {
        "lastModified": 1708805087,
        "narHash": "sha256-l6EjDJiQrId3xx2k6/UrIgWZU4mXTCzbUx1qg4PJRrg=",
        "owner": "nix-community",
        "repo": "home-manager",
        "rev": "ae7a3b5137ca3522f2802b3183de8fe5287b13d2",
        "type": "github"
      },
      "original": {
        "owner": "nix-community",
        "repo": "home-manager",
        "type": "github"
      }
    },
    "nixpkgs": {
      "locked": {
        "lastModified": 1708655239,
        "narHash": "sha256-ZrP/yACUvDB+zbqYJsln4iwotbH6CTZiTkANJ0AgDv4=",
        "owner": "nixos",
        "repo": "nixpkgs",
        "rev": "cbc4211f0afffe6dfd2478a62615dd5175a13f9a",
        "type": "github"
      },
      "original": {
        "owner": "nixos",
        "ref": "nixos-unstable",
        "repo": "nixpkgs",
        "type": "github"
      }
    },
    "nur": {
      "locked": {
        "lastModified": 1708806201,
        "narHash": "sha256-kZv5LWZaR1N1Jz+3S3OBWadCXyOAdmi2heKfCmjmkYw=",
        "owner": "nix-community",
        "repo": "NUR",
        "rev": "deb67c142317827d32256bb0df1fc96be237a177",
        "type": "github"
      },
      "original": {
        "owner": "nix-community",
        "repo": "NUR",
        "type": "github"
      }
    },
    "root": {
      "inputs": {
        "home-manager": "home-manager",
        "nixpkgs": "nixpkgs",
        "nur": "nur"
      }
    }
  },
  "root": "root",
  "version": 7
}
